
Microsoft Visual Studio Solution File, Format Version 12.00
# Visual Studio 15
VisualStudioVersion = 15.0.28307.329
MinimumVisualStudioVersion = 10.0.40219.1
Project("{FAE04EC0-301F-11D3-BF4B-00C04F79EFBC}") = "Algorithms", "Algorithms.csproj", "{66F25691-4FBE-4BCD-A610-0E740B8F3CED}"
EndProject
Global
	GlobalSection(SolutionConfigurationPlatforms) = preSolution
		Debug|Any CPU = Debug|Any CPU
		Release|Any CPU = Release|Any CPU
	EndGlobalSection
	GlobalSection(ProjectConfigurationPlatforms) = postSolution
		{66F25691-4FBE-4BCD-A610-0E740B8F3CED}.Debug|Any CPU.ActiveCfg = Debug|Any CPU
		{66F25691-4FBE-4BCD-A610-0E740B8F3CED}.Debug|Any CPU.Build.0 = Debug|Any CPU
		{66F25691-4FBE-4BCD-A610-0E740B8F3CED}.Release|Any CPU.ActiveCfg = Release|Any CPU
		{66F25691-4FBE-4BCD-A610-0E740B8F3CED}.Release|Any CPU.Build.0 = Release|Any CPU
	EndGlobalSection
	GlobalSection(SolutionProperties) = preSolution
		HideSolutionNode = FALSE
	EndGlobalSection
	GlobalSection(ExtensibilityGlobals) = postSolution
		SolutionGuid = {5622D561-1E6F-4F85-98CF-EA810AE77AB8}
	EndGlobalSection
EndGlobal
